{
  "name": "coffe-tutorial",
  "version": "1.0.0",
  "lockfileVersion": 1,
  "requires": true,
  "dependencies": {
    "coffe-script": {
      "version": "0.0.1-security",
      "resolved": "https://registry.npmjs.org/coffe-script/-/coffe-script-0.0.1-security.tgz",
      "integrity": "sha512-ijv4SKSz8LEWFOA+HASf6OsL352XmiM7IXJhrub1E/eIaWEqHBiGWSDoR5uPL8Xet3sropZIQzYcMN8lSM3YiQ=="
    },
    "coffeescript": {
      "version": "2.5.1",
      "resolved": "https://registry.npmjs.org/coffeescript/-/coffeescript-2.5.1.tgz",
      "integrity": "sha512-J2jRPX0eeFh5VKyVnoLrfVFgLZtnnmp96WQSLAS8OrLm2wtQLcnikYKe1gViJKDH7vucjuhHvBKKBP3rKcD1tQ==",
      "dev": true
    }
  }
}
